
Microsoft Visual Studio Solution File, Format Version 12.00
# Visual Studio Version 17
VisualStudioVersion = 17.4.33213.308
MinimumVisualStudioVersion = 10.0.40219.1
Project("{F184B08F-C81C-45F6-A57F-5ABD9991F28F}") = "SayMyName", "SayMyName.vbproj", "{B167D9E8-FAF9-4F0D-B052-1009FEA44446}"
EndProject
Global
	GlobalSection(SolutionConfigurationPlatforms) = preSolution
		Debug|Any CPU = Debug|Any CPU
		Release|Any CPU = Release|Any CPU
	EndGlobalSection
	GlobalSection(ProjectConfigurationPlatforms) = postSolution
		{B167D9E8-FAF9-4F0D-B052-1009FEA44446}.Debug|Any CPU.ActiveCfg = Debug|Any CPU
		{B167D9E8-FAF9-4F0D-B052-1009FEA44446}.Debug|Any CPU.Build.0 = Debug|Any CPU
		{B167D9E8-FAF9-4F0D-B052-1009FEA44446}.Release|Any CPU.ActiveCfg = Release|Any CPU
		{B167D9E8-FAF9-4F0D-B052-1009FEA44446}.Release|Any CPU.Build.0 = Release|Any CPU
	EndGlobalSection
	GlobalSection(SolutionProperties) = preSolution
		HideSolutionNode = FALSE
	EndGlobalSection
	GlobalSection(ExtensibilityGlobals) = postSolution
		SolutionGuid = {1D451022-3D4F-48E2-96D3-366C2346CE36}
	EndGlobalSection
EndGlobal
