
Microsoft Visual Studio Solution File, Format Version 12.00
# Visual Studio Version 17
VisualStudioVersion = 17.4.33213.308
MinimumVisualStudioVersion = 10.0.40219.1
Project("{F184B08F-C81C-45F6-A57F-5ABD9991F28F}") = "Better Calculator", "Better Calculator.vbproj", "{8A5F699F-4666-48EA-B745-3E1AA44B228C}"
EndProject
Global
	GlobalSection(SolutionConfigurationPlatforms) = preSolution
		Debug|Any CPU = Debug|Any CPU
		Release|Any CPU = Release|Any CPU
	EndGlobalSection
	GlobalSection(ProjectConfigurationPlatforms) = postSolution
		{8A5F699F-4666-48EA-B745-3E1AA44B228C}.Debug|Any CPU.ActiveCfg = Debug|Any CPU
		{8A5F699F-4666-48EA-B745-3E1AA44B228C}.Debug|Any CPU.Build.0 = Debug|Any CPU
		{8A5F699F-4666-48EA-B745-3E1AA44B228C}.Release|Any CPU.ActiveCfg = Release|Any CPU
		{8A5F699F-4666-48EA-B745-3E1AA44B228C}.Release|Any CPU.Build.0 = Release|Any CPU
	EndGlobalSection
	GlobalSection(SolutionProperties) = preSolution
		HideSolutionNode = FALSE
	EndGlobalSection
	GlobalSection(ExtensibilityGlobals) = postSolution
		SolutionGuid = {A573439C-6200-4647-B444-B5CE978B0AD6}
	EndGlobalSection
EndGlobal
